PODS:
  - AFNetworking (4.0.1):
    - AFNetworking/NSURLSession (= 4.0.1)
    - AFNetworking/Reachability (= 4.0.1)
    - AFNetworking/Security (= 4.0.1)
    - AFNetworking/Serialization (= 4.0.1)
    - AFNetworking/UIKit (= 4.0.1)
  - AFNetworking/NSURLSession (4.0.1):
    - AFNetworking/Reachability
    - AFNetworking/Security
    - AFNetworking/Serialization
  - AFNetworking/Reachability (4.0.1)
  - AFNetworking/Security (4.0.1)
  - AFNetworking/Serialization (4.0.1)
  - AFNetworking/UIKit (4.0.1):
    - AFNetworking/NSURLSession
  - FSPlayer (1.0.2)
  - LEGOImageCropper (1.0.0)
  - Masonry (1.1.0)
  - MJRefresh (3.7.9)
  - PureCamera (1.6.3)
  - SDWebImage (5.21.1):
    - SDWebImage/Core (= 5.21.1)
  - SDWebImage/Core (5.21.1)
  - WYBasisKit-oc (2.0.0):
    - AFNetworking
    - MJRefresh
    - SDWebImage

DEPENDENCIES:
  - AFNetworking
  - FSPlayer (from `https://github.com/debugly/fsplayer/releases/download/1.0.2/FSPlayer.spec.json`)
  - LEGOImageCropper
  - Masonry
  - MJRefresh
  - PureCamera
  - SDWebImage
  - WYBasisKit-oc (from `WYBasisKit/WYBasisKit/WYBasisKit`)

SPEC REPOS:
  https://mirrors.tuna.tsinghua.edu.cn/git/CocoaPods/Specs.git:
    - AFNetworking
    - LEGOImageCropper
    - Masonry
    - MJRefresh
    - PureCamera
    - SDWebImage

EXTERNAL SOURCES:
  FSPlayer:
    :podspec: https://github.com/debugly/fsplayer/releases/download/1.0.2/FSPlayer.spec.json
  WYBasisKit-oc:
    :path: WYBasisKit/WYBasisKit/WYBasisKit

SPEC CHECKSUMS:
  AFNetworking: 3bd23d814e976cd148d7d44c3ab78017b744cd58
  FSPlayer: e4e639e111c90f69c31fe480509fcf49b610e3dd
  LEGOImageCropper: d0a8c1363cd287391c86bc6722cfe5b9b056ae31
  Masonry: 678fab65091a9290e40e2832a55e7ab731aad201
  MJRefresh: ff9e531227924c84ce459338414550a05d2aea78
  PureCamera: 6414c925becc324e6410db66b048d4c6e84c0b0a
  SDWebImage: f29024626962457f3470184232766516dee8dfea
  WYBasisKit-oc: dabfae030e2a573a2413ad29588c53794e3f3b38

PODFILE CHECKSUM: 2d9f0e59727c6248a1f35acacf78aaa4dda26b85

COCOAPODS: 1.16.2
